{
	"name": "image-server",
	"version": "1.1.0",
	"lockfileVersion": 1,
	"requires": true,
	"dependencies": {
		"accepts": {
			"version": "1.3.3",
			"resolved": "https://registry.npmjs.org/accepts/-/accepts-1.3.3.tgz",
			"integrity": "sha1-w8p0NJOGSMPg2cHjKN1otiLChMo=",
			"requires": {
				"mime-types": "2.1.15",
				"negotiator": "0.6.1"
			}
		},
		"ajv": {
			"version": "4.11.8",
			"resolved": "https://registry.npmjs.org/ajv/-/ajv-4.11.8.tgz",
			"integrity": "sha1-gv+wKynmYq5TvcIK8VlHcGc5xTY=",
			"requires": {
				"co": "4.6.0",
				"json-stable-stringify": "1.0.1"
			}
		},
		"align-text": {
			"version": "0.1.4",
			"resolved": "https://registry.npmjs.org/align-text/-/align-text-0.1.4.tgz",
			"integrity": "sha1-DNkKVhCT810KmSVsIrcGlDP60Rc=",
			"requires": {
				"kind-of": "3.2.2",
				"longest": "1.0.1",
				"repeat-string": "1.6.1"
			}
		},
		"amdefine": {
			"version": "1.0.1",
			"resolved": "https://registry.npmjs.org/amdefine/-/amdefine-1.0.1.tgz",
			"integrity": "sha1-SlKCrBZHKek2Gbz9OtFR+BfOkfU="
		},
		"array-flatten": {
			"version": "1.1.1",
			"resolved": "https://registry.npmjs.org/array-flatten/-/array-flatten-1.1.1.tgz",
			"integrity": "sha1-ml9pkFGx5wczKPKgCJaLZOopVdI="
		},
		"array-parallel": {
			"version": "0.1.3",
			"resolved": "https://registry.npmjs.org/array-parallel/-/array-parallel-0.1.3.tgz",
			"integrity": "sha1-j3hTCJJu1apHjEfmTRszS2wMlH0="
		},
		"array-series": {
			"version": "0.1.5",
			"resolved": "https://registry.npmjs.org/array-series/-/array-series-0.1.5.tgz",
			"integrity": "sha1-3103v8XC7wdV4qpPkv6ufUtaly8="
		},
		"asn1": {
			"version": "0.2.3",
			"resolved": "https://registry.npmjs.org/asn1/-/asn1-0.2.3.tgz",
			"integrity": "sha1-2sh4dxPJlmhJ/IGAd36+nB3fO4Y="
		},
		"assert-plus": {
			"version": "0.2.0",
			"resolved": "https://registry.npmjs.org/assert-plus/-/assert-plus-0.2.0.tgz",
			"integrity": "sha1-104bh+ev/A24qttwIfP+SBAasjQ="
		},
		"async": {
			"version": "1.5.2",
			"resolved": "https://registry.npmjs.org/async/-/async-1.5.2.tgz",
			"integrity": "sha1-7GphrlZIDAw8skHJVhjiCJL5Zyo="
		},
		"asynckit": {
			"version": "0.4.0",
			"resolved": "https://registry.npmjs.org/asynckit/-/asynckit-0.4.0.tgz",
			"integrity": "sha1-x57Zf380y48robyXkLzDZkdLS3k="
		},
		"aws-sign2": {
			"version": "0.6.0",
			"resolved": "https://registry.npmjs.org/aws-sign2/-/aws-sign2-0.6.0.tgz",
			"integrity": "sha1-FDQt0428yU0OW4fXY81jYSwOeU8="
		},
		"aws4": {
			"version": "1.6.0",
			"resolved": "https://registry.npmjs.org/aws4/-/aws4-1.6.0.tgz",
			"integrity": "sha1-g+9cqGCysy5KDe7e6MdxudtXRx4="
		},
		"bcrypt-pbkdf": {
			"version": "1.0.1",
			"resolved": "https://registry.npmjs.org/bcrypt-pbkdf/-/bcrypt-pbkdf-1.0.1.tgz",
			"integrity": "sha1-Y7xdy2EzG5K8Bf1SiVPDNGKgb40=",
			"optional": true,
			"requires": {
				"tweetnacl": "0.14.5"
			}
		},
		"bignumber.js": {
			"version": "2.4.0",
			"resolved": "https://registry.npmjs.org/bignumber.js/-/bignumber.js-2.4.0.tgz",
			"integrity": "sha1-g4qZLan51zfg9LLbC+YrsJ3Qxeg="
		},
		"bmp-js": {
			"version": "0.0.3",
			"resolved": "https://registry.npmjs.org/bmp-js/-/bmp-js-0.0.3.tgz",
			"integrity": "sha1-ZBE+nHzxICs3btYHvzBibr5XsYo="
		},
		"boom": {
			"version": "2.10.1",
			"resolved": "https://registry.npmjs.org/boom/-/boom-2.10.1.tgz",
			"integrity": "sha1-OciRjO/1eZ+D+UkqhI9iWt0Mdm8=",
			"requires": {
				"hoek": "2.16.3"
			}
		},
		"buffer-equal": {
			"version": "0.0.1",
			"resolved": "https://registry.npmjs.org/buffer-equal/-/buffer-equal-0.0.1.tgz",
			"integrity": "sha1-kbx0sR6kBbyRa8aqkI+q+ltKrEs="
		},
		"camelcase": {
			"version": "1.2.1",
			"resolved": "https://registry.npmjs.org/camelcase/-/camelcase-1.2.1.tgz",
			"integrity": "sha1-m7UwTS4LVmmLLHWLCKPqqdqlijk=",
			"optional": true
		},
		"caseless": {
			"version": "0.12.0",
			"resolved": "https://registry.npmjs.org/caseless/-/caseless-0.12.0.tgz",
			"integrity": "sha1-G2gcIf+EAzyCZUMJBolCDRhxUdw="
		},
		"center-align": {
			"version": "0.1.3",
			"resolved": "https://registry.npmjs.org/center-align/-/center-align-0.1.3.tgz",
			"integrity": "sha1-qg0yYptu6XIgBBHL1EYckHvCt60=",
			"optional": true,
			"requires": {
				"align-text": "0.1.4",
				"lazy-cache": "1.0.4"
			}
		},
		"cliui": {
			"version": "2.1.0",
			"resolved": "https://registry.npmjs.org/cliui/-/cliui-2.1.0.tgz",
			"integrity": "sha1-S0dXYP+AJkx2LDoXGQMukcf+oNE=",
			"optional": true,
			"requires": {
				"center-align": "0.1.3",
				"right-align": "0.1.3",
				"wordwrap": "0.0.2"
			},
			"dependencies": {
				"wordwrap": {
					"version": "0.0.2",
					"resolved": "https://registry.npmjs.org/wordwrap/-/wordwrap-0.0.2.tgz",
					"integrity": "sha1-t5Zpu0LstAn4PVg8rVLKF+qhZD8=",
					"optional": true
				}
			}
		},
		"co": {
			"version": "4.6.0",
			"resolved": "https://registry.npmjs.org/co/-/co-4.6.0.tgz",
			"integrity": "sha1-bqa989hTrlTMuOR7+gvz+QMfsYQ="
		},
		"combined-stream": {
			"version": "1.0.5",
			"resolved": "https://registry.npmjs.org/combined-stream/-/combined-stream-1.0.5.tgz",
			"integrity": "sha1-k4NwpXtKUd6ix3wV1cX9+JUWQAk=",
			"requires": {
				"delayed-stream": "1.0.0"
			}
		},
		"content-disposition": {
			"version": "0.5.2",
			"resolved": "https://registry.npmjs.org/content-disposition/-/content-disposition-0.5.2.tgz",
			"integrity": "sha1-DPaLud318r55YcOoUXjLhdunjLQ="
		},
		"content-type": {
			"version": "1.0.2",
			"resolved": "https://registry.npmjs.org/content-type/-/content-type-1.0.2.tgz",
			"integrity": "sha1-t9ETrueo3Se9IRM8TcJSnfFyHu0="
		},
		"cookie": {
			"version": "0.3.1",
			"resolved": "https://registry.npmjs.org/cookie/-/cookie-0.3.1.tgz",
			"integrity": "sha1-5+Ch+e9DtMi6klxcWpboBtFoc7s="
		},
		"cookie-signature": {
			"version": "1.0.6",
			"resolved": "https://registry.npmjs.org/cookie-signature/-/cookie-signature-1.0.6.tgz",
			"integrity": "sha1-4wOogrNCzD7oylE6eZmXNNqzriw="
		},
		"cross-spawn": {
			"version": "4.0.2",
			"resolved": "https://registry.npmjs.org/cross-spawn/-/cross-spawn-4.0.2.tgz",
			"integrity": "sha1-e5JHYhwjrf3ThWAEqCPL45dCTUE=",
			"requires": {
				"lru-cache": "4.1.1",
				"which": "1.2.14"
			}
		},
		"cryptiles": {
			"version": "2.0.5",
			"resolved": "https://registry.npmjs.org/cryptiles/-/cryptiles-2.0.5.tgz",
			"integrity": "sha1-O9/s3GCBR8HGcgL6KR59ylnqo7g=",
			"requires": {
				"boom": "2.10.1"
			}
		},
		"dashdash": {
			"version": "1.14.1",
			"resolved": "https://registry.npmjs.org/dashdash/-/dashdash-1.14.1.tgz",
			"integrity": "sha1-hTz6D3y+L+1d4gMmuN1YEDX24vA=",
			"requires": {
				"assert-plus": "1.0.0"
			},
			"dependencies": {
				"assert-plus": {
					"version": "1.0.0",
					"resolved": "https://registry.npmjs.org/assert-plus/-/assert-plus-1.0.0.tgz",
					"integrity": "sha1-8S4PPF13sLHN2RRpQuTpbB5N1SU="
				}
			}
		},
		"debug": {
			"version": "2.6.7",
			"resolved": "https://registry.npmjs.org/debug/-/debug-2.6.7.tgz",
			"integrity": "sha1-krrR9tBbu2u6Isyoi80OyJTChh4=",
			"requires": {
				"ms": "2.0.0"
			}
		},
		"decamelize": {
			"version": "1.2.0",
			"resolved": "https://registry.npmjs.org/decamelize/-/decamelize-1.2.0.tgz",
			"integrity": "sha1-9lNNFRSCabIDUue+4m9QH5oZEpA=",
			"optional": true
		},
		"delayed-stream": {
			"version": "1.0.0",
			"resolved": "https://registry.npmjs.org/delayed-stream/-/delayed-stream-1.0.0.tgz",
			"integrity": "sha1-3zrhmayt+31ECqrgsp4icrJOxhk="
		},
		"depd": {
			"version": "1.1.0",
			"resolved": "https://registry.npmjs.org/depd/-/depd-1.1.0.tgz",
			"integrity": "sha1-4b2Cxqq2ztlluXuIsX7T5SjKGMM="
		},
		"destroy": {
			"version": "1.0.4",
			"resolved": "https://registry.npmjs.org/destroy/-/destroy-1.0.4.tgz",
			"integrity": "sha1-l4hXRCxEdJ5CBmE+N5RiBYJqvYA="
		},
		"dom-walk": {
			"version": "0.1.1",
			"resolved": "https://registry.npmjs.org/dom-walk/-/dom-walk-0.1.1.tgz",
			"integrity": "sha1-ZyIm3HTI95mtNTB9+TaroRrNYBg="
		},
		"ecc-jsbn": {
			"version": "0.1.1",
			"resolved": "https://registry.npmjs.org/ecc-jsbn/-/ecc-jsbn-0.1.1.tgz",
			"integrity": "sha1-D8c6ntXw1Tw4GTOYUj735UN3dQU=",
			"optional": true,
			"requires": {
				"jsbn": "0.1.1"
			}
		},
		"ee-first": {
			"version": "1.1.1",
			"resolved": "https://registry.npmjs.org/ee-first/-/ee-first-1.1.1.tgz",
			"integrity": "sha1-WQxhFWsK4vTwJVcyoViyZrxWsh0="
		},
		"encodeurl": {
			"version": "1.0.1",
			"resolved": "https://registry.npmjs.org/encodeurl/-/encodeurl-1.0.1.tgz",
			"integrity": "sha1-eePVhlU0aQn+bw9Fpd5oEDspTSA="
		},
		"es6-promise": {
			"version": "3.3.1",
			"resolved": "https://registry.npmjs.org/es6-promise/-/es6-promise-3.3.1.tgz",
			"integrity": "sha1-oIzd6EzNvzTQJ6FFG8kdS80ophM="
		},
		"escape-html": {
			"version": "1.0.3",
			"resolved": "https://registry.npmjs.org/escape-html/-/escape-html-1.0.3.tgz",
			"integrity": "sha1-Aljq5NPQwJdN4cFpGI7wBR0dGYg="
		},
		"etag": {
			"version": "1.8.0",
			"resolved": "https://registry.npmjs.org/etag/-/etag-1.8.0.tgz",
			"integrity": "sha1-b2Ma7zNtbEY2K1F2QETOIWvjwFE="
		},
		"exif-parser": {
			"version": "0.1.9",
			"resolved": "https://registry.npmjs.org/exif-parser/-/exif-parser-0.1.9.tgz",
			"integrity": "sha1-HQh+Bf0rB546jq+P8kmXjLX2+6c="
		},
		"express": {
			"version": "4.15.3",
			"resolved": "https://registry.npmjs.org/express/-/express-4.15.3.tgz",
			"integrity": "sha1-urZdDwOqgMNYQIly/HAPkWlEtmI=",
			"requires": {
				"accepts": "1.3.3",
				"array-flatten": "1.1.1",
				"content-disposition": "0.5.2",
				"content-type": "1.0.2",
				"cookie": "0.3.1",
				"cookie-signature": "1.0.6",
				"debug": "2.6.7",
				"depd": "1.1.0",
				"encodeurl": "1.0.1",
				"escape-html": "1.0.3",
				"etag": "1.8.0",
				"finalhandler": "1.0.3",
				"fresh": "0.5.0",
				"merge-descriptors": "1.0.1",
				"methods": "1.1.2",
				"on-finished": "2.3.0",
				"parseurl": "1.3.1",
				"path-to-regexp": "0.1.7",
				"proxy-addr": "1.1.4",
				"qs": "6.4.0",
				"range-parser": "1.2.0",
				"send": "0.15.3",
				"serve-static": "1.12.3",
				"setprototypeof": "1.0.3",
				"statuses": "1.3.1",
				"type-is": "1.6.15",
				"utils-merge": "1.0.0",
				"vary": "1.1.1"
			}
		},
		"extend": {
			"version": "3.0.1",
			"resolved": "https://registry.npmjs.org/extend/-/extend-3.0.1.tgz",
			"integrity": "sha1-p1Xqe8Gt/MWjHOfnYtuq3F5jZEQ="
		},
		"extsprintf": {
			"version": "1.0.2",
			"resolved": "https://registry.npmjs.org/extsprintf/-/extsprintf-1.0.2.tgz",
			"integrity": "sha1-4QgOBljjALBilJkMxw4VAiNf1VA="
		},
		"file-type": {
			"version": "3.9.0",
			"resolved": "https://registry.npmjs.org/file-type/-/file-type-3.9.0.tgz",
			"integrity": "sha1-JXoHg4TR24CHvESdEH1SpSZyuek="
		},
		"finalhandler": {
			"version": "1.0.3",
			"resolved": "https://registry.npmjs.org/finalhandler/-/finalhandler-1.0.3.tgz",
			"integrity": "sha1-70fneVDpmXgOhgIqVg4yF+DQzIk=",
			"requires": {
				"debug": "2.6.7",
				"encodeurl": "1.0.1",
				"escape-html": "1.0.3",
				"on-finished": "2.3.0",
				"parseurl": "1.3.1",
				"statuses": "1.3.1",
				"unpipe": "1.0.0"
			}
		},
		"for-each": {
			"version": "0.3.2",
			"resolved": "https://registry.npmjs.org/for-each/-/for-each-0.3.2.tgz",
			"integrity": "sha1-LEBFC5NI6X8oEyJZO6lnBLmr1NQ=",
			"requires": {
				"is-function": "1.0.1"
			}
		},
		"forever-agent": {
			"version": "0.6.1",
			"resolved": "https://registry.npmjs.org/forever-agent/-/forever-agent-0.6.1.tgz",
			"integrity": "sha1-+8cfDEGt6zf5bFd60e1C2P2sypE="
		},
		"form-data": {
			"version": "2.1.4",
			"resolved": "https://registry.npmjs.org/form-data/-/form-data-2.1.4.tgz",
			"integrity": "sha1-M8GDrPGTJ27KqYFDpp6Uv+4XUNE=",
			"requires": {
				"asynckit": "0.4.0",
				"combined-stream": "1.0.5",
				"mime-types": "2.1.15"
			}
		},
		"forwarded": {
			"version": "0.1.0",
			"resolved": "https://registry.npmjs.org/forwarded/-/forwarded-0.1.0.tgz",
			"integrity": "sha1-Ge+YdMSuHCl7zweP3mOgm2aoQ2M="
		},
		"fresh": {
			"version": "0.5.0",
			"resolved": "https://registry.npmjs.org/fresh/-/fresh-0.5.0.tgz",
			"integrity": "sha1-9HTKXmqSRtb9jglTz6m5yAWvp44="
		},
		"getpass": {
			"version": "0.1.7",
			"resolved": "https://registry.npmjs.org/getpass/-/getpass-0.1.7.tgz",
			"integrity": "sha1-Xv+OPmhNVprkyysSgmBOi6YhSfo=",
			"requires": {
				"assert-plus": "1.0.0"
			},
			"dependencies": {
				"assert-plus": {
					"version": "1.0.0",
					"resolved": "https://registry.npmjs.org/assert-plus/-/assert-plus-1.0.0.tgz",
					"integrity": "sha1-8S4PPF13sLHN2RRpQuTpbB5N1SU="
				}
			}
		},
		"gifencoder": {
			"version": "1.0.6",
			"resolved": "https://registry.npmjs.org/gifencoder/-/gifencoder-1.0.6.tgz",
			"integrity": "sha1-o8v2/64XL2/rhP3Z4ODeZjgDYww="
		},
		"global": {
			"version": "4.3.2",
			"resolved": "https://registry.npmjs.org/global/-/global-4.3.2.tgz",
			"integrity": "sha1-52mJJopsdMOJCLEwWxD8DjlOnQ8=",
			"requires": {
				"min-document": "2.19.0",
				"process": "0.5.2"
			}
		},
		"gm": {
			"version": "1.23.0",
			"resolved": "https://registry.npmjs.org/gm/-/gm-1.23.0.tgz",
			"integrity": "sha1-gKL+nL8TFRUCSEZERlhGEmn1JmE=",
			"requires": {
				"array-parallel": "0.1.3",
				"array-series": "0.1.5",
				"cross-spawn": "4.0.2",
				"debug": "2.2.0"
			},
			"dependencies": {
				"debug": {
					"version": "2.2.0",
					"resolved": "https://registry.npmjs.org/debug/-/debug-2.2.0.tgz",
					"integrity": "sha1-+HBX6ZWxofauaklgZkE3vFbwOdo=",
					"requires": {
						"ms": "0.7.1"
					}
				},
				"ms": {
					"version": "0.7.1",
					"resolved": "https://registry.npmjs.org/ms/-/ms-0.7.1.tgz",
					"integrity": "sha1-nNE8A62/8ltl7/3nzoZO6VIBcJg="
				}
			}
		},
		"handlebars": {
			"version": "4.0.10",
			"resolved": "https://registry.npmjs.org/handlebars/-/handlebars-4.0.10.tgz",
			"integrity": "sha1-PTDHGLCaPZbyPqTMH0A8TTup/08=",
			"requires": {
				"async": "1.5.2",
				"optimist": "0.6.1",
				"source-map": "0.4.4",
				"uglify-js": "2.8.29"
			}
		},
		"har-schema": {
			"version": "1.0.5",
			"resolved": "https://registry.npmjs.org/har-schema/-/har-schema-1.0.5.tgz",
			"integrity": "sha1-0mMTX0MwfALGAq/I/pWXDAFRNp4="
		},
		"har-validator": {
			"version": "4.2.1",
			"resolved": "https://registry.npmjs.org/har-validator/-/har-validator-4.2.1.tgz",
			"integrity": "sha1-M0gdDxu/9gDdID11gSpqX7oALio=",
			"requires": {
				"ajv": "4.11.8",
				"har-schema": "1.0.5"
			}
		},
		"hawk": {
			"version": "3.1.3",
			"resolved": "https://registry.npmjs.org/hawk/-/hawk-3.1.3.tgz",
			"integrity": "sha1-B4REvXwWQLD+VA0sm3PVlnjo4cQ=",
			"requires": {
				"boom": "2.10.1",
				"cryptiles": "2.0.5",
				"hoek": "2.16.3",
				"sntp": "1.0.9"
			}
		},
		"hoek": {
			"version": "2.16.3",
			"resolved": "https://registry.npmjs.org/hoek/-/hoek-2.16.3.tgz",
			"integrity": "sha1-ILt0A9POo5jpHcRxCo/xuCdKJe0="
		},
		"http-errors": {
			"version": "1.6.1",
			"resolved": "https://registry.npmjs.org/http-errors/-/http-errors-1.6.1.tgz",
			"integrity": "sha1-X4uO2YrKVFZWv1cplzh/kEpyIlc=",
			"requires": {
				"depd": "1.1.0",
				"inherits": "2.0.3",
				"setprototypeof": "1.0.3",
				"statuses": "1.3.1"
			}
		},
		"http-signature": {
			"version": "1.1.1",
			"resolved": "https://registry.npmjs.org/http-signature/-/http-signature-1.1.1.tgz",
			"integrity": "sha1-33LiZwZs0Kxn+3at+OE0qPvPkb8=",
			"requires": {
				"assert-plus": "0.2.0",
				"jsprim": "1.4.0",
				"sshpk": "1.13.1"
			}
		},
		"inherits": {
			"version": "2.0.3",
			"resolved": "https://registry.npmjs.org/inherits/-/inherits-2.0.3.tgz",
			"integrity": "sha1-Yzwsg+PaQqUC9SRmAiSA9CCCYd4="
		},
		"ip-regex": {
			"version": "1.0.3",
			"resolved": "https://registry.npmjs.org/ip-regex/-/ip-regex-1.0.3.tgz",
			"integrity": "sha1-3FiQdvZZ9BnCIgOaMzFvHHOH7/0="
		},
		"ipaddr.js": {
			"version": "1.3.0",
			"resolved": "https://registry.npmjs.org/ipaddr.js/-/ipaddr.js-1.3.0.tgz",
			"integrity": "sha1-HgOlL9rYOou7KyXL9JmLTP/NPew="
		},
		"is-buffer": {
			"version": "1.1.5",
			"resolved": "https://registry.npmjs.org/is-buffer/-/is-buffer-1.1.5.tgz",
			"integrity": "sha1-Hzsm72E7IUuIy8ojzGwB2Hlh7sw="
		},
		"is-function": {
			"version": "1.0.1",
			"resolved": "https://registry.npmjs.org/is-function/-/is-function-1.0.1.tgz",
			"integrity": "sha1-Es+5i2W1fdPRk6MSH19uL0N2ArU="
		},
		"is-typedarray": {
			"version": "1.0.0",
			"resolved": "https://registry.npmjs.org/is-typedarray/-/is-typedarray-1.0.0.tgz",
			"integrity": "sha1-5HnICFjfDBsR3dppQPlgEfzaSpo="
		},
		"isexe": {
			"version": "2.0.0",
			"resolved": "https://registry.npmjs.org/isexe/-/isexe-2.0.0.tgz",
			"integrity": "sha1-6PvzdNxVb/iUehDcsFctYz8s+hA="
		},
		"isstream": {
			"version": "0.1.2",
			"resolved": "https://registry.npmjs.org/isstream/-/isstream-0.1.2.tgz",
			"integrity": "sha1-R+Y/evVa+m+S4VAOaQ64uFKcCZo="
		},
		"jimp": {
			"version": "0.2.28",
			"resolved": "https://registry.npmjs.org/jimp/-/jimp-0.2.28.tgz",
			"integrity": "sha1-3VKak3GQ9ClXp5N9Gsw6d2KZbqI=",
			"requires": {
				"bignumber.js": "2.4.0",
				"bmp-js": "0.0.3",
				"es6-promise": "3.3.1",
				"exif-parser": "0.1.9",
				"file-type": "3.9.0",
				"jpeg-js": "0.2.0",
				"load-bmfont": "1.3.0",
				"mime": "1.3.4",
				"mkdirp": "0.5.1",
				"pixelmatch": "4.0.2",
				"pngjs": "3.2.0",
				"read-chunk": "1.0.1",
				"request": "2.81.0",
				"stream-to-buffer": "0.1.0",
				"tinycolor2": "1.4.1",
				"url-regex": "3.2.0"
			}
		},
		"jpeg-js": {
			"version": "0.2.0",
			"resolved": "https://registry.npmjs.org/jpeg-js/-/jpeg-js-0.2.0.tgz",
			"integrity": "sha1-U+RI7J0mPmgyZkZ+lELSxaLvVII="
		},
		"jsbn": {
			"version": "0.1.1",
			"resolved": "https://registry.npmjs.org/jsbn/-/jsbn-0.1.1.tgz",
			"integrity": "sha1-peZUwuWi3rXyAdls77yoDA7y9RM=",
			"optional": true
		},
		"json-schema": {
			"version": "0.2.3",
			"resolved": "https://registry.npmjs.org/json-schema/-/json-schema-0.2.3.tgz",
			"integrity": "sha1-tIDIkuWaLwWVTOcnvT8qTogvnhM="
		},
		"json-stable-stringify": {
			"version": "1.0.1",
			"resolved": "https://registry.npmjs.org/json-stable-stringify/-/json-stable-stringify-1.0.1.tgz",
			"integrity": "sha1-mnWdOcXy/1A/1TAGRu1EX4jE+a8=",
			"requires": {
				"jsonify": "0.0.0"
			}
		},
		"json-stringify-safe": {
			"version": "5.0.1",
			"resolved": "https://registry.npmjs.org/json-stringify-safe/-/json-stringify-safe-5.0.1.tgz",
			"integrity": "sha1-Epai1Y/UXxmg9s4B1lcB4sc1tus="
		},
		"jsonify": {
			"version": "0.0.0",
			"resolved": "https://registry.npmjs.org/jsonify/-/jsonify-0.0.0.tgz",
			"integrity": "sha1-LHS27kHZPKUbe1qu6PUDYx0lKnM="
		},
		"jsprim": {
			"version": "1.4.0",
			"resolved": "https://registry.npmjs.org/jsprim/-/jsprim-1.4.0.tgz",
			"integrity": "sha1-o7h+QCmNjDgFUtjMdiigu5WiKRg=",
			"requires": {
				"assert-plus": "1.0.0",
				"extsprintf": "1.0.2",
				"json-schema": "0.2.3",
				"verror": "1.3.6"
			},
			"dependencies": {
				"assert-plus": {
					"version": "1.0.0",
					"resolved": "https://registry.npmjs.org/assert-plus/-/assert-plus-1.0.0.tgz",
					"integrity": "sha1-8S4PPF13sLHN2RRpQuTpbB5N1SU="
				}
			}
		},
		"kind-of": {
			"version": "3.2.2",
			"resolved": "https://registry.npmjs.org/kind-of/-/kind-of-3.2.2.tgz",
			"integrity": "sha1-MeohpzS6ubuw8yRm2JOupR5KPGQ=",
			"requires": {
				"is-buffer": "1.1.5"
			}
		},
		"lazy-cache": {
			"version": "1.0.4",
			"resolved": "https://registry.npmjs.org/lazy-cache/-/lazy-cache-1.0.4.tgz",
			"integrity": "sha1-odePw6UEdMuAhF07O24dpJpEbo4=",
			"optional": true
		},
		"load-bmfont": {
			"version": "1.3.0",
			"resolved": "https://registry.npmjs.org/load-bmfont/-/load-bmfont-1.3.0.tgz",
			"integrity": "sha1-u358cQ3mvK/LE8s7jIHgwBMey8k=",
			"requires": {
				"buffer-equal": "0.0.1",
				"mime": "1.3.4",
				"parse-bmfont-ascii": "1.0.6",
				"parse-bmfont-binary": "1.0.6",
				"parse-bmfont-xml": "1.1.3",
				"xhr": "2.4.0",
				"xtend": "4.0.1"
			}
		},
		"lodash": {
			"version": "4.17.4",
			"resolved": "https://registry.npmjs.org/lodash/-/lodash-4.17.4.tgz",
			"integrity": "sha1-eCA6TRwyiuHYbcpkYONptX9AVa4="
		},
		"longest": {
			"version": "1.0.1",
			"resolved": "https://registry.npmjs.org/longest/-/longest-1.0.1.tgz",
			"integrity": "sha1-MKCy2jj3N3DoKUoNIuZiXtd9AJc="
		},
		"lru-cache": {
			"version": "4.1.1",
			"resolved": "https://registry.npmjs.org/lru-cache/-/lru-cache-4.1.1.tgz",
			"integrity": "sha1-Yi4y6CSItJJ5EUpPns9F581rulU=",
			"requires": {
				"pseudomap": "1.0.2",
				"yallist": "2.1.2"
			}
		},
		"media-typer": {
			"version": "0.3.0",
			"resolved": "https://registry.npmjs.org/media-typer/-/media-typer-0.3.0.tgz",
			"integrity": "sha1-hxDXrwqmJvj/+hzgAWhUUmMlV0g="
		},
		"merge-descriptors": {
			"version": "1.0.1",
			"resolved": "https://registry.npmjs.org/merge-descriptors/-/merge-descriptors-1.0.1.tgz",
			"integrity": "sha1-sAqqVW3YtEVoFQ7J0blT8/kMu2E="
		},
		"methods": {
			"version": "1.1.2",
			"resolved": "https://registry.npmjs.org/methods/-/methods-1.1.2.tgz",
			"integrity": "sha1-VSmk1nZUE07cxSZmVoNbD4Ua/O4="
		},
		"mime": {
			"version": "1.3.4",
			"resolved": "https://registry.npmjs.org/mime/-/mime-1.3.4.tgz",
			"integrity": "sha1-EV+eO2s9rylZmDyzjxSaLUDrXVM="
		},
		"mime-db": {
			"version": "1.27.0",
			"resolved": "https://registry.npmjs.org/mime-db/-/mime-db-1.27.0.tgz",
			"integrity": "sha1-gg9XIpa70g7CXtVeW13oaeVDbrE="
		},
		"mime-types": {
			"version": "2.1.15",
			"resolved": "https://registry.npmjs.org/mime-types/-/mime-types-2.1.15.tgz",
			"integrity": "sha1-pOv1BkCUVpI3uM9wBGd20J/JKu0=",
			"requires": {
				"mime-db": "1.27.0"
			}
		},
		"min-document": {
			"version": "2.19.0",
			"resolved": "https://registry.npmjs.org/min-document/-/min-document-2.19.0.tgz",
			"integrity": "sha1-e9KC4/WELtKVu3SM3Z8f+iyCRoU=",
			"requires": {
				"dom-walk": "0.1.1"
			}
		},
		"minimist": {
			"version": "0.0.8",
			"resolved": "https://registry.npmjs.org/minimist/-/minimist-0.0.8.tgz",
			"integrity": "sha1-hX/Kv8M5fSYluCKCYuhqp6ARsF0="
		},
		"mkdirp": {
			"version": "0.5.1",
			"resolved": "https://registry.npmjs.org/mkdirp/-/mkdirp-0.5.1.tgz",
			"integrity": "sha1-MAV0OOrGz3+MR2fzhkjWaX11yQM=",
			"requires": {
				"minimist": "0.0.8"
			}
		},
		"ms": {
			"version": "2.0.0",
			"resolved": "https://registry.npmjs.org/ms/-/ms-2.0.0.tgz",
			"integrity": "sha1-VgiurfwAvmwpAd9fmGF4jeDVl8g="
		},
		"negotiator": {
			"version": "0.6.1",
			"resolved": "https://registry.npmjs.org/negotiator/-/negotiator-0.6.1.tgz",
			"integrity": "sha1-KzJxhOiZIQEXeyhWP7XnECrNDKk="
		},
		"oauth-sign": {
			"version": "0.8.2",
			"resolved": "https://registry.npmjs.org/oauth-sign/-/oauth-sign-0.8.2.tgz",
			"integrity": "sha1-Rqarfwrq2N6unsBWV4C31O/rnUM="
		},
		"on-finished": {
			"version": "2.3.0",
			"resolved": "https://registry.npmjs.org/on-finished/-/on-finished-2.3.0.tgz",
			"integrity": "sha1-IPEzZIGwg811M3mSoWlxqi2QaUc=",
			"requires": {
				"ee-first": "1.1.1"
			}
		},
		"optimist": {
			"version": "0.6.1",
			"resolved": "https://registry.npmjs.org/optimist/-/optimist-0.6.1.tgz",
			"integrity": "sha1-2j6nRob6IaGaERwybpDrFaAZZoY=",
			"requires": {
				"minimist": "0.0.8",
				"wordwrap": "0.0.3"
			}
		},
		"parse-bmfont-ascii": {
			"version": "1.0.6",
			"resolved": "https://registry.npmjs.org/parse-bmfont-ascii/-/parse-bmfont-ascii-1.0.6.tgz",
			"integrity": "sha1-Eaw8P/WPfCAgqyJ2kHkQjU36AoU="
		},
		"parse-bmfont-binary": {
			"version": "1.0.6",
			"resolved": "https://registry.npmjs.org/parse-bmfont-binary/-/parse-bmfont-binary-1.0.6.tgz",
			"integrity": "sha1-0Di0dtPp3Z2x4RoLDlOiJ5K2kAY="
		},
		"parse-bmfont-xml": {
			"version": "1.1.3",
			"resolved": "https://registry.npmjs.org/parse-bmfont-xml/-/parse-bmfont-xml-1.1.3.tgz",
			"integrity": "sha1-1rZqNxr9OcUAfZ8O6yYqTyzOe3w=",
			"requires": {
				"xml-parse-from-string": "1.0.1",
				"xml2js": "0.4.17"
			}
		},
		"parse-headers": {
			"version": "2.0.1",
			"resolved": "https://registry.npmjs.org/parse-headers/-/parse-headers-2.0.1.tgz",
			"integrity": "sha1-aug6eqJanZtwCswoaYzR8e1+lTY=",
			"requires": {
				"for-each": "0.3.2",
				"trim": "0.0.1"
			}
		},
		"parseurl": {
			"version": "1.3.1",
			"resolved": "https://registry.npmjs.org/parseurl/-/parseurl-1.3.1.tgz",
			"integrity": "sha1-yKuMkiO6NIiKpkopeyiFO+wY2lY="
		},
		"path": {
			"version": "0.12.7",
			"resolved": "https://registry.npmjs.org/path/-/path-0.12.7.tgz",
			"integrity": "sha1-1NwqUGxM4hl+tIHr/NWzbAFAsQ8=",
			"requires": {
				"process": "0.11.10",
				"util": "0.10.3"
			},
			"dependencies": {
				"process": {
					"version": "0.11.10",
					"resolved": "https://registry.npmjs.org/process/-/process-0.11.10.tgz",
					"integrity": "sha1-czIwDoQBYb2j5podHZGn1LwW8YI="
				}
			}
		},
		"path-to-regexp": {
			"version": "0.1.7",
			"resolved": "https://registry.npmjs.org/path-to-regexp/-/path-to-regexp-0.1.7.tgz",
			"integrity": "sha1-32BBeABfUi8V60SQ5yR6G/qmf4w="
		},
		"performance-now": {
			"version": "0.2.0",
			"resolved": "https://registry.npmjs.org/performance-now/-/performance-now-0.2.0.tgz",
			"integrity": "sha1-M+8wxcd9TqIcWlOGnZG1bY8lVeU="
		},
		"pixelmatch": {
			"version": "4.0.2",
			"resolved": "https://registry.npmjs.org/pixelmatch/-/pixelmatch-4.0.2.tgz",
			"integrity": "sha1-j0fc7FARtHe2fbA8JDvB8wheiFQ=",
			"requires": {
				"pngjs": "3.2.0"
			}
		},
		"pngjs": {
			"version": "3.2.0",
			"resolved": "https://registry.npmjs.org/pngjs/-/pngjs-3.2.0.tgz",
			"integrity": "sha1-/J/OoaijddpUpRFIAZ1avUHbq94="
		},
		"process": {
			"version": "0.5.2",
			"resolved": "https://registry.npmjs.org/process/-/process-0.5.2.tgz",
			"integrity": "sha1-FjjYqONML0QKkduVq5rrZ3/Bhc8="
		},
		"proxy-addr": {
			"version": "1.1.4",
			"resolved": "https://registry.npmjs.org/proxy-addr/-/proxy-addr-1.1.4.tgz",
			"integrity": "sha1-J+VF9pYKRKYn2bREZ+NcG2tM4vM=",
			"requires": {
				"forwarded": "0.1.0",
				"ipaddr.js": "1.3.0"
			}
		},
		"pseudomap": {
			"version": "1.0.2",
			"resolved": "https://registry.npmjs.org/pseudomap/-/pseudomap-1.0.2.tgz",
			"integrity": "sha1-8FKijacOYYkX7wqKw0wa5aaChrM="
		},
		"punycode": {
			"version": "1.4.1",
			"resolved": "https://registry.npmjs.org/punycode/-/punycode-1.4.1.tgz",
			"integrity": "sha1-wNWmOycYgArY4esPpSachN1BhF4="
		},
		"qs": {
			"version": "6.4.0",
			"resolved": "https://registry.npmjs.org/qs/-/qs-6.4.0.tgz",
			"integrity": "sha1-E+JtKK1rD/qpExLNO/cI7TUecjM="
		},
		"range-parser": {
			"version": "1.2.0",
			"resolved": "https://registry.npmjs.org/range-parser/-/range-parser-1.2.0.tgz",
			"integrity": "sha1-9JvmtIeJTdxA3MlKMi9hEJLgDV4="
		},
		"read-chunk": {
			"version": "1.0.1",
			"resolved": "https://registry.npmjs.org/read-chunk/-/read-chunk-1.0.1.tgz",
			"integrity": "sha1-X2jKswfmY/GZk1J9m1icrORmEZQ="
		},
		"repeat-string": {
			"version": "1.6.1",
			"resolved": "https://registry.npmjs.org/repeat-string/-/repeat-string-1.6.1.tgz",
			"integrity": "sha1-jcrkcOHIirwtYA//Sndihtp15jc="
		},
		"request": {
			"version": "2.81.0",
			"resolved": "https://registry.npmjs.org/request/-/request-2.81.0.tgz",
			"integrity": "sha1-xpKJRqDgbF+Nb4qTM0af/aRimKA=",
			"requires": {
				"aws-sign2": "0.6.0",
				"aws4": "1.6.0",
				"caseless": "0.12.0",
				"combined-stream": "1.0.5",
				"extend": "3.0.1",
				"forever-agent": "0.6.1",
				"form-data": "2.1.4",
				"har-validator": "4.2.1",
				"hawk": "3.1.3",
				"http-signature": "1.1.1",
				"is-typedarray": "1.0.0",
				"isstream": "0.1.2",
				"json-stringify-safe": "5.0.1",
				"mime-types": "2.1.15",
				"oauth-sign": "0.8.2",
				"performance-now": "0.2.0",
				"qs": "6.4.0",
				"safe-buffer": "5.1.0",
				"stringstream": "0.0.5",
				"tough-cookie": "2.3.2",
				"tunnel-agent": "0.6.0",
				"uuid": "3.1.0"
			}
		},
		"right-align": {
			"version": "0.1.3",
			"resolved": "https://registry.npmjs.org/right-align/-/right-align-0.1.3.tgz",
			"integrity": "sha1-YTObci/mo1FWiSENJOFMlhSGE+8=",
			"optional": true,
			"requires": {
				"align-text": "0.1.4"
			}
		},
		"safe-buffer": {
			"version": "5.1.0",
			"resolved": "https://registry.npmjs.org/safe-buffer/-/safe-buffer-5.1.0.tgz",
			"integrity": "sha512-aSLEDudu6OoRr/2rU609gRmnYboRLxgDG1z9o2Q0os7236FwvcqIOO8r8U5JUEwivZOhDaKlFO4SbPTJYyBEyQ=="
		},
		"sax": {
			"version": "1.2.2",
			"resolved": "https://registry.npmjs.org/sax/-/sax-1.2.2.tgz",
			"integrity": "sha1-/YYxojvHgmvvXYcb24c3jJVkeCg="
		},
		"send": {
			"version": "0.15.3",
			"resolved": "https://registry.npmjs.org/send/-/send-0.15.3.tgz",
			"integrity": "sha1-UBP5+ZAj31DRvZiSwZ4979HVMwk=",
			"requires": {
				"debug": "2.6.7",
				"depd": "1.1.0",
				"destroy": "1.0.4",
				"encodeurl": "1.0.1",
				"escape-html": "1.0.3",
				"etag": "1.8.0",
				"fresh": "0.5.0",
				"http-errors": "1.6.1",
				"mime": "1.3.4",
				"ms": "2.0.0",
				"on-finished": "2.3.0",
				"range-parser": "1.2.0",
				"statuses": "1.3.1"
			}
		},
		"serve-static": {
			"version": "1.12.3",
			"resolved": "https://registry.npmjs.org/serve-static/-/serve-static-1.12.3.tgz",
			"integrity": "sha1-n0uhni8wMMVH+K+ZEHg47DjVseI=",
			"requires": {
				"encodeurl": "1.0.1",
				"escape-html": "1.0.3",
				"parseurl": "1.3.1",
				"send": "0.15.3"
			}
		},
		"setprototypeof": {
			"version": "1.0.3",
			"resolved": "https://registry.npmjs.org/setprototypeof/-/setprototypeof-1.0.3.tgz",
			"integrity": "sha1-ZlZ+NwQ+608E2RvWWMDL77VbjgQ="
		},
		"snekfetch": {
			"version": "3.1.11",
			"resolved": "https://registry.npmjs.org/snekfetch/-/snekfetch-3.1.11.tgz",
			"integrity": "sha512-jC00Es/N1thVDpIV12Esfv7Ya0dfgwsWy7SILFB9oiHthARDcqmc5VX5bdNoWBci2M05Z0ZweGNt2Oue8YD3qQ=="
		},
		"sntp": {
			"version": "1.0.9",
			"resolved": "https://registry.npmjs.org/sntp/-/sntp-1.0.9.tgz",
			"integrity": "sha1-ZUEYTMkK7qbG57NeJlkIJEPGYZg=",
			"requires": {
				"hoek": "2.16.3"
			}
		},
		"source-map": {
			"version": "0.4.4",
			"resolved": "https://registry.npmjs.org/source-map/-/source-map-0.4.4.tgz",
			"integrity": "sha1-66T12pwNyZneaAMti092FzZSA2s=",
			"requires": {
				"amdefine": "1.0.1"
			}
		},
		"sshpk": {
			"version": "1.13.1",
			"resolved": "https://registry.npmjs.org/sshpk/-/sshpk-1.13.1.tgz",
			"integrity": "sha1-US322mKHFEMW3EwY/hzx2UBzm+M=",
			"requires": {
				"asn1": "0.2.3",
				"assert-plus": "1.0.0",
				"bcrypt-pbkdf": "1.0.1",
				"dashdash": "1.14.1",
				"ecc-jsbn": "0.1.1",
				"getpass": "0.1.7",
				"jsbn": "0.1.1",
				"tweetnacl": "0.14.5"
			},
			"dependencies": {
				"assert-plus": {
					"version": "1.0.0",
					"resolved": "https://registry.npmjs.org/assert-plus/-/assert-plus-1.0.0.tgz",
					"integrity": "sha1-8S4PPF13sLHN2RRpQuTpbB5N1SU="
				}
			}
		},
		"statuses": {
			"version": "1.3.1",
			"resolved": "https://registry.npmjs.org/statuses/-/statuses-1.3.1.tgz",
			"integrity": "sha1-+vUbnrdKrvOzrPStX2Gr8ky3uT4="
		},
		"stream-to": {
			"version": "0.2.2",
			"resolved": "https://registry.npmjs.org/stream-to/-/stream-to-0.2.2.tgz",
			"integrity": "sha1-hDBgmNhf25kLn6MAsbPM9V6O8B0="
		},
		"stream-to-buffer": {
			"version": "0.1.0",
			"resolved": "https://registry.npmjs.org/stream-to-buffer/-/stream-to-buffer-0.1.0.tgz",
			"integrity": "sha1-JnmdkDqyAlyb1VCsRxcbAPjdgKk=",
			"requires": {
				"stream-to": "0.2.2"
			}
		},
		"stringstream": {
			"version": "0.0.5",
			"resolved": "https://registry.npmjs.org/stringstream/-/stringstream-0.0.5.tgz",
			"integrity": "sha1-TkhM1N5aC7vuGORjB3EKioFiGHg="
		},
		"tinycolor2": {
			"version": "1.4.1",
			"resolved": "https://registry.npmjs.org/tinycolor2/-/tinycolor2-1.4.1.tgz",
			"integrity": "sha1-9PrTM0R7wLB9TcjpIJ2POaisd+g="
		},
		"tough-cookie": {
			"version": "2.3.2",
			"resolved": "https://registry.npmjs.org/tough-cookie/-/tough-cookie-2.3.2.tgz",
			"integrity": "sha1-8IH3bkyFcg5sN6X6ztc3FQ2EByo=",
			"requires": {
				"punycode": "1.4.1"
			}
		},
		"trim": {
			"version": "0.0.1",
			"resolved": "https://registry.npmjs.org/trim/-/trim-0.0.1.tgz",
			"integrity": "sha1-WFhUf2spB1fulczMZm+1AITEYN0="
		},
		"tunnel-agent": {
			"version": "0.6.0",
			"resolved": "https://registry.npmjs.org/tunnel-agent/-/tunnel-agent-0.6.0.tgz",
			"integrity": "sha1-J6XeoGs2sEoKmWZ3SykIaPD8QP0=",
			"requires": {
				"safe-buffer": "5.1.0"
			}
		},
		"tweetnacl": {
			"version": "0.14.5",
			"resolved": "https://registry.npmjs.org/tweetnacl/-/tweetnacl-0.14.5.tgz",
			"integrity": "sha1-WuaBd/GS1EViadEIr6k/+HQ/T2Q=",
			"optional": true
		},
		"type-is": {
			"version": "1.6.15",
			"resolved": "https://registry.npmjs.org/type-is/-/type-is-1.6.15.tgz",
			"integrity": "sha1-yrEPtJCeRByChC6v4a1kbIGARBA=",
			"requires": {
				"media-typer": "0.3.0",
				"mime-types": "2.1.15"
			}
		},
		"uglify-js": {
			"version": "2.8.29",
			"resolved": "https://registry.npmjs.org/uglify-js/-/uglify-js-2.8.29.tgz",
			"integrity": "sha1-KcVzMUgFe7Th913zW3qcty5qWd0=",
			"optional": true,
			"requires": {
				"source-map": "0.5.6",
				"uglify-to-browserify": "1.0.2",
				"yargs": "3.10.0"
			},
			"dependencies": {
				"source-map": {
					"version": "0.5.6",
					"resolved": "https://registry.npmjs.org/source-map/-/source-map-0.5.6.tgz",
					"integrity": "sha1-dc449SvwczxafwwRjYEzSiu19BI=",
					"optional": true
				}
			}
		},
		"uglify-to-browserify": {
			"version": "1.0.2",
			"resolved": "https://registry.npmjs.org/uglify-to-browserify/-/uglify-to-browserify-1.0.2.tgz",
			"integrity": "sha1-bgkk1r2mta/jSeOabWMoUKD4grc=",
			"optional": true
		},
		"unpipe": {
			"version": "1.0.0",
			"resolved": "https://registry.npmjs.org/unpipe/-/unpipe-1.0.0.tgz",
			"integrity": "sha1-sr9O6FFKrmFltIF4KdIbLvSZBOw="
		},
		"url-regex": {
			"version": "3.2.0",
			"resolved": "https://registry.npmjs.org/url-regex/-/url-regex-3.2.0.tgz",
			"integrity": "sha1-260eDJ4p4QXdCx8J9oYvf9tIJyQ=",
			"requires": {
				"ip-regex": "1.0.3"
			}
		},
		"util": {
			"version": "0.10.3",
			"resolved": "https://registry.npmjs.org/util/-/util-0.10.3.tgz",
			"integrity": "sha1-evsa/lCAUkZInj23/g7TeTNqwPk=",
			"requires": {
				"inherits": "2.0.1"
			},
			"dependencies": {
				"inherits": {
					"version": "2.0.1",
					"resolved": "https://registry.npmjs.org/inherits/-/inherits-2.0.1.tgz",
					"integrity": "sha1-sX0I0ya0Qj5Wjv9xn5GwscvfafE="
				}
			}
		},
		"utils-merge": {
			"version": "1.0.0",
			"resolved": "https://registry.npmjs.org/utils-merge/-/utils-merge-1.0.0.tgz",
			"integrity": "sha1-ApT7kiu5N1FTVBxPcJYjHyh8ivg="
		},
		"uuid": {
			"version": "3.1.0",
			"resolved": "https://registry.npmjs.org/uuid/-/uuid-3.1.0.tgz",
			"integrity": "sha1-PdPT55Crwk17DToDT/q6vijrvAQ="
		},
		"vary": {
			"version": "1.1.1",
			"resolved": "https://registry.npmjs.org/vary/-/vary-1.1.1.tgz",
			"integrity": "sha1-Z1Neu2lMHVIldFeYRmUyP1h+jTc="
		},
		"verror": {
			"version": "1.3.6",
			"resolved": "https://registry.npmjs.org/verror/-/verror-1.3.6.tgz",
			"integrity": "sha1-z/XfEpRtKX0rqu+qJoniW+AcAFw=",
			"requires": {
				"extsprintf": "1.0.2"
			}
		},
		"which": {
			"version": "1.2.14",
			"resolved": "https://registry.npmjs.org/which/-/which-1.2.14.tgz",
			"integrity": "sha1-mofEN48D6CfOyvGs31bHNsAcFOU=",
			"requires": {
				"isexe": "2.0.0"
			}
		},
		"window-size": {
			"version": "0.1.0",
			"resolved": "https://registry.npmjs.org/window-size/-/window-size-0.1.0.tgz",
			"integrity": "sha1-VDjNLqk7IC76Ohn+iIeu58lPnJ0=",
			"optional": true
		},
		"wordwrap": {
			"version": "0.0.3",
			"resolved": "https://registry.npmjs.org/wordwrap/-/wordwrap-0.0.3.tgz",
			"integrity": "sha1-o9XabNXAvAAI03I0u68b7WMFkQc="
		},
		"xhr": {
			"version": "2.4.0",
			"resolved": "https://registry.npmjs.org/xhr/-/xhr-2.4.0.tgz",
			"integrity": "sha1-4W5mpF+GmGHu76tBbV7/ci3ECZM=",
			"requires": {
				"global": "4.3.2",
				"is-function": "1.0.1",
				"parse-headers": "2.0.1",
				"xtend": "4.0.1"
			}
		},
		"xml-parse-from-string": {
			"version": "1.0.1",
			"resolved": "https://registry.npmjs.org/xml-parse-from-string/-/xml-parse-from-string-1.0.1.tgz",
			"integrity": "sha1-qQKekp09vN7RafPG4oI42VpdWig="
		},
		"xml2js": {
			"version": "0.4.17",
			"resolved": "https://registry.npmjs.org/xml2js/-/xml2js-0.4.17.tgz",
			"integrity": "sha1-F76T6q4/O3eTWceVtBlwWogX6Gg=",
			"requires": {
				"sax": "1.2.2",
				"xmlbuilder": "4.2.1"
			}
		},
		"xmlbuilder": {
			"version": "4.2.1",
			"resolved": "https://registry.npmjs.org/xmlbuilder/-/xmlbuilder-4.2.1.tgz",
			"integrity": "sha1-qlijBBoGb5DqoWwvU4n/GfP0YaU=",
			"requires": {
				"lodash": "4.17.4"
			}
		},
		"xtend": {
			"version": "4.0.1",
			"resolved": "https://registry.npmjs.org/xtend/-/xtend-4.0.1.tgz",
			"integrity": "sha1-pcbVMr5lbiPbgg77lDofBJmNY68="
		},
		"yallist": {
			"version": "2.1.2",
			"resolved": "https://registry.npmjs.org/yallist/-/yallist-2.1.2.tgz",
			"integrity": "sha1-HBH5IY8HYImkfdUS+TxmmaaoHVI="
		},
		"yargs": {
			"version": "3.10.0",
			"resolved": "https://registry.npmjs.org/yargs/-/yargs-3.10.0.tgz",
			"integrity": "sha1-9+572FfdfB0tOMDnTvvWgdFDH9E=",
			"optional": true,
			"requires": {
				"camelcase": "1.2.1",
				"cliui": "2.1.0",
				"decamelize": "1.2.0",
				"window-size": "0.1.0"
			}
		}
	}
}
